version = 1
revision = 3
requires-python = ">=3.11"

[[package]]
name = "appdirs"
version = "1.4.4"
source = { registry = "https://pypi.org/simple" }
sdist = { url = "https://files.pythonhosted.org/packages/d7/d8/05696357e0311f5b5c316d7b95f46c669dd9c15aaeecbb48c7d0aeb88c40/appdirs-1.4.4.tar.gz", hash = "sha256:7d5d0167b2b1ba821647616af46a749d1c653740dd0d2415100fe26e27afdf41", size = 13470, upload-time = "2020-05-11T07:59:51.037Z" }
wheels = [
    { url = "https://files.pythonhosted.org/packages/3b/00/2344469e2084fb287c2e0b57b72910309874c3245463acd6cf5e3db69324/appdirs-1.4.4-py2.py3-none-any.whl", hash = "sha256:a841dacd6b99318a741b166adb07e19ee71a274450e68237b4650ca1055ab128", size = 9566, upload-time = "2020-05-11T07:59:49.499Z" },
]

[[package]]
name = "click"
version = "8.3.3"
source = { registry = "https://pypi.org/simple" }
dependencies = [
    { name = "colorama", marker = "sys_platform == 'win32'" },
]
sdist = { url = "https://files.pythonhosted.org/packages/bb/63/f9e1ea081ce35720d8b92acde70daaedace594dc93b693c869e0d5910718/click-8.3.3.tar.gz", hash = "sha256:398329ad4837b2ff7cbe1dd166a4c0f8900c3ca3a218de04466f38f6497f18a2", size = 328061, upload-time = "2026-04-22T15:11:27.506Z" }
wheels = [
    { url = "https://files.pythonhosted.org/packages/ae/44/c1221527f6a71a01ec6fbad7fa78f1d50dfa02217385cf0fa3eec7087d59/click-8.3.3-py3-none-any.whl", hash = "sha256:a2bf429bb3033c89fa4936ffb35d5cb471e3719e1f3c8a7c3fff0b8314305613", size = 110502, upload-time = "2026-04-22T15:11:25.044Z" },
]

[[package]]
name = "colorama"
version = "0.4.6"
source = { registry = "https://pypi.org/simple" }
sdist = { url = "https://files.pythonhosted.org/packages/d8/53/6f443c9a4a8358a93a6792e2acffb9d9d5cb0a5cfd8802644b7b1c9a02e4/colorama-0.4.6.tar.gz", hash = "sha256:08695f5cb7ed6e0531a20572697297273c47b8cae5a63ffc6d6ed5c201be6e44", size = 27697, upload-time = "2022-10-25T02:36:22.414Z" }
wheels = [
    { url = "https://files.pythonhosted.org/packages/d1/d6/3965ed04c63042e047cb6a3e6ed1a63a35087b6a609aa3a15ed8ac56c221/colorama-0.4.6-py2.py3-none-any.whl", hash = "sha256:4f1d9991f5acc0ca119f9d443620b77f9d6b33703e51011c16baf57afb285fc6", size = 25335, upload-time = "2022-10-25T02:36:20.889Z" },
]

[[package]]
name = "em"
version = "0.1"
source = { editable = "." }
dependencies = [
    { name = "appdirs" },
    { name = "click" },
    { name = "pyperclip" },
    { name = "python-dateutil" },
    { name = "rich" },
]

[package.metadata]
requires-dist = [
    { name = "appdirs", specifier = ">=1.4.4" },
    { name = "click", specifier = ">=8.1.3" },
    { name = "pyperclip", specifier = ">=1.8.2" },
    { name = "python-dateutil", specifier = ">=2.8.2" },
    { name = "rich", specifier = ">=13.4.2" },
]

[[package]]
name = "markdown-it-py"
version = "4.2.0"
source = { registry = "https://pypi.org/simple" }
dependencies = [
    { name = "mdurl" },
]
sdist = { url = "https://files.pythonhosted.org/packages/06/ff/7841249c247aa650a76b9ee4bbaeae59370dc8bfd2f6c01f3630c35eb134/markdown_it_py-4.2.0.tar.gz", hash = "sha256:04a21681d6fbb623de53f6f364d352309d4094dd4194040a10fd51833e418d49", size = 82454, upload-time = "2026-05-07T12:08:28.36Z" }
wheels = [
    { url = "https://files.pythonhosted.org/packages/b3/81/4da04ced5a082363ecfa159c010d200ecbd959ae410c10c0264a38cac0f5/markdown_it_py-4.2.0-py3-none-any.whl", hash = "sha256:9f7ebbcd14fe59494226453aed97c1070d83f8d24b6fc3a3bcf9a38092641c4a", size = 91687, upload-time = "2026-05-07T12:08:27.182Z" },
]

[[package]]
name = "mdurl"
version = "0.1.2"
source = { registry = "https://pypi.org/simple" }
sdist = { url = "https://files.pythonhosted.org/packages/d6/54/cfe61301667036ec958cb99bd3efefba235e65cdeb9c84d24a8293ba1d90/mdurl-0.1.2.tar.gz", hash = "sha256:bb413d29f5eea38f31dd4754dd7377d4465116fb207585f97bf925588687c1ba", size = 8729, upload-time = "2022-08-14T12:40:10.846Z" }
wheels = [
    { url = "https://files.pythonhosted.org/packages/b3/38/89ba8ad64ae25be8de66a6d463314cf1eb366222074cfda9ee839c56a4b4/mdurl-0.1.2-py3-none-any.whl", hash = "sha256:84008a41e51615a49fc9966191ff91509e3c40b939176e643fd50a5c2196b8f8", size = 9979, upload-time = "2022-08-14T12:40:09.779Z" },
]

[[package]]
name = "pygments"
version = "2.20.0"
source = { registry = "https://pypi.org/simple" }
sdist = { url = "https://files.pythonhosted.org/packages/c3/b2/bc9c9196916376152d655522fdcebac55e66de6603a76a02bca1b6414f6c/pygments-2.20.0.tar.gz", hash = "sha256:6757cd03768053ff99f3039c1a36d6c0aa0b263438fcab17520b30a303a82b5f", size = 4955991, upload-time = "2026-03-29T13:29:33.898Z" }
wheels = [
    { url = "https://files.pythonhosted.org/packages/f4/7e/a72dd26f3b0f4f2bf1dd8923c85f7ceb43172af56d63c7383eb62b332364/pygments-2.20.0-py3-none-any.whl", hash = "sha256:81a9e26dd42fd28a23a2d169d86d7ac03b46e2f8b59ed4698fb4785f946d0176", size = 1231151, upload-time = "2026-03-29T13:29:30.038Z" },
]

[[package]]
name = "pyperclip"
version = "1.11.0"
source = { registry = "https://pypi.org/simple" }
sdist = { url = "https://files.pythonhosted.org/packages/e8/52/d87eba7cb129b81563019d1679026e7a112ef76855d6159d24754dbd2a51/pyperclip-1.11.0.tar.gz", hash = "sha256:244035963e4428530d9e3a6101a1ef97209c6825edab1567beac148ccc1db1b6", size = 12185, upload-time = "2025-09-26T14:40:37.245Z" }
wheels = [
    { url = "https://files.pythonhosted.org/packages/df/80/fc9d01d5ed37ba4c42ca2b55b4339ae6e200b456be3a1aaddf4a9fa99b8c/pyperclip-1.11.0-py3-none-any.whl", hash = "sha256:299403e9ff44581cb9ba2ffeed69c7aa96a008622ad0c46cb575ca75b5b84273", size = 11063, upload-time = "2025-09-26T14:40:36.069Z" },
]

[[package]]
name = "python-dateutil"
version = "2.9.0.post0"
source = { registry = "https://pypi.org/simple" }
dependencies = [
    { name = "six" },
]
sdist = { url = "https://files.pythonhosted.org/packages/66/c0/0c8b6ad9f17a802ee498c46e004a0eb49bc148f2fd230864601a86dcf6db/python-dateutil-2.9.0.post0.tar.gz", hash = "sha256:37dd54208da7e1cd875388217d5e00ebd4179249f90fb72437e91a35459a0ad3", size = 342432, upload-time = "2024-03-01T18:36:20.211Z" }
wheels = [
    { url = "https://files.pythonhosted.org/packages/ec/57/56b9bcc3c9c6a792fcbaf139543cee77261f3651ca9da0c93f5c1221264b/python_dateutil-2.9.0.post0-py2.py3-none-any.whl", hash = "sha256:a8b2bc7bffae282281c8140a97d3aa9c14da0b136dfe83f850eea9a5f7470427", size = 229892, upload-time = "2024-03-01T18:36:18.57Z" },
]

[[package]]
name = "rich"
version = "15.0.0"
source = { registry = "https://pypi.org/simple" }
dependencies = [
    { name = "markdown-it-py" },
    { name = "pygments" },
]
sdist = { url = "https://files.pythonhosted.org/packages/c0/8f/0722ca900cc807c13a6a0c696dacf35430f72e0ec571c4275d2371fca3e9/rich-15.0.0.tar.gz", hash = "sha256:edd07a4824c6b40189fb7ac9bc4c52536e9780fbbfbddf6f1e2502c31b068c36", size = 230680, upload-time = "2026-04-12T08:24:00.75Z" }
wheels = [
    { url = "https://files.pythonhosted.org/packages/82/3b/64d4899d73f91ba49a8c18a8ff3f0ea8f1c1d75481760df8c68ef5235bf5/rich-15.0.0-py3-none-any.whl", hash = "sha256:33bd4ef74232fb73fe9279a257718407f169c09b78a87ad3d296f548e27de0bb", size = 310654, upload-time = "2026-04-12T08:24:02.83Z" },
]

[[package]]
name = "six"
version = "1.17.0"
source = { registry = "https://pypi.org/simple" }
sdist = { url = "https://files.pythonhosted.org/packages/94/e7/b2c673351809dca68a0e064b6af791aa332cf192da575fd474ed7d6f16a2/six-1.17.0.tar.gz", hash = "sha256:ff70335d468e7eb6ec65b95b99d3a2836546063f63acc5171de367e834932a81", size = 34031, upload-time = "2024-12-04T17:35:28.174Z" }
wheels = [
    { url = "https://files.pythonhosted.org/packages/b7/ce/149a00dd41f10bc29e5921b496af8b574d8413afcd5e30dfa0ed46c2cc5e/six-1.17.0-py2.py3-none-any.whl", hash = "sha256:4721f391ed90541fddacab5acf947aa0d3dc7d27b2e1e8eda2be8970586c3274", size = 11050, upload-time = "2024-12-04T17:35:26.475Z" },
]
